// !$*UTF8*$!
{
	archiveVersion = 1;
	classes = {
	};
	objectVersion = 46;
	objects = {

/* Begin PBXBuildFile section */
		8B89BF2B1E5816C20005A7AC /* AppDelegate.swift in Sources */ = {isa = PBXBuildFile; fileRef = 8B89BF2A1E5816C20005A7AC /* AppDelegate.swift */; };
		8B89BF2D1E5816C20005A7AC /* ViewController.swift in Sources */ = {isa = PBXBuildFile; fileRef = 8B89BF2C1E5816C20005A7AC /* ViewController.swift */; };
		8B89BF301E5816C20005A7AC /* Main.storyboard in Resources */ = {isa = PBXBuildFile; fileRef = 8B89BF2E1E5816C20005A7AC /* Main.storyboard */; };
		8B89BF321E5816C20005A7AC /* Assets.xcassets in Resources */ = {isa = PBXBuildFile; fileRef = 8B89BF311E5816C20005A7AC /* Assets.xcassets */; };
		8B89BF351E5816C20005A7AC /* LaunchScreen.storyboard in Resources */ = {isa = PBXBuildFile; fileRef = 8B89BF331E5816C20005A7AC /* LaunchScreen.storyboard */; };
		8B89BF3D1E581B070005A7AC /* Daha_wa_Controller.swift in Sources */ = {isa = PBXBuildFile; fileRef = 8B89BF3C1E581B070005A7AC /* Daha_wa_Controller.swift */; };
		8BE5E2C21E5851EC0013B12C /* daha_wa_post.swift in Sources */ = {isa = PBXBuildFile; fileRef = 8BE5E2C11E5851EC0013B12C /* daha_wa_post.swift */; };
		8BE5E2C51E5851F70013B12C /* dahaModel.xcdatamodeld in Sources */ = {isa = PBXBuildFile; fileRef = 8BE5E2C31E5851F70013B12C /* dahaModel.xcdatamodeld */; };
		EF15A30D1E581DCD004FF8D2 /* CourseViewController.swift in Sources */ = {isa = PBXBuildFile; fileRef = EF15A30C1E581DCD004FF8D2 /* CourseViewController.swift */; };
		EF15A30F1E581E66004FF8D2 /* CourseModel.swift in Sources */ = {isa = PBXBuildFile; fileRef = EF15A30E1E581E66004FF8D2 /* CourseModel.swift */; };
		EF15A3111E581EC9004FF8D2 /* Course.swift in Sources */ = {isa = PBXBuildFile; fileRef = EF15A3101E581EC9004FF8D2 /* Course.swift */; };
/* End PBXBuildFile section */

/* Begin PBXFileReference section */
		8B89BF271E5816C20005A7AC /* DormHub.app */ = {isa = PBXFileReference; explicitFileType = wrapper.application; includeInIndex = 0; path = DormHub.app; sourceTree = BUILT_PRODUCTS_DIR; };
		8B89BF2A1E5816C20005A7AC /* AppDelegate.swift */ = {isa = PBXFileReference; lastKnownFileType = sourcecode.swift; path = AppDelegate.swift; sourceTree = "<group>"; };
		8B89BF2C1E5816C20005A7AC /* ViewController.swift */ = {isa = PBXFileReference; lastKnownFileType = sourcecode.swift; path = ViewController.swift; sourceTree = "<group>"; };
		8B89BF2F1E5816C20005A7AC /* Base */ = {isa = PBXFileReference; lastKnownFileType = file.storyboard; name = Base; path = Base.lproj/Main.storyboard; sourceTree = "<group>"; };
		8B89BF311E5816C20005A7AC /* Assets.xcassets */ = {isa = PBXFileReference; lastKnownFileType = folder.assetcatalog; path = Assets.xcassets; sourceTree = "<group>"; };
		8B89BF341E5816C20005A7AC /* Base */ = {isa = PBXFileReference; lastKnownFileType = file.storyboard; name = Base; path = Base.lproj/LaunchScreen.storyboard; sourceTree = "<group>"; };
		8B89BF361E5816C20005A7AC /* Info.plist */ = {isa = PBXFileReference; lastKnownFileType = text.plist.xml; path = Info.plist; sourceTree = "<group>"; };
		8B89BF3C1E581B070005A7AC /* Daha_wa_Controller.swift */ = {isa = PBXFileReference; fileEncoding = 4; lastKnownFileType = sourcecode.swift; path = Daha_wa_Controller.swift; sourceTree = "<group>"; };
		8BE5E2C11E5851EC0013B12C /* daha_wa_post.swift */ = {isa = PBXFileReference; fileEncoding = 4; lastKnownFileType = sourcecode.swift; path = daha_wa_post.swift; sourceTree = "<group>"; };
		8BE5E2C41E5851F70013B12C /* dahaModel.xcdatamodel */ = {isa = PBXFileReference; lastKnownFileType = wrapper.xcdatamodel; path = dahaModel.xcdatamodel; sourceTree = "<group>"; };
		EF15A30C1E581DCD004FF8D2 /* CourseViewController.swift */ = {isa = PBXFileReference; fileEncoding = 4; lastKnownFileType = sourcecode.swift; path = CourseViewController.swift; sourceTree = "<group>"; };
		EF15A30E1E581E66004FF8D2 /* CourseModel.swift */ = {isa = PBXFileReference; fileEncoding = 4; lastKnownFileType = sourcecode.swift; path = CourseModel.swift; sourceTree = "<group>"; };
		EF15A3101E581EC9004FF8D2 /* Course.swift */ = {isa = PBXFileReference; fileEncoding = 4; lastKnownFileType = sourcecode.swift; path = Course.swift; sourceTree = "<group>"; };
/* End PBXFileReference section */

/* Begin PBXFrameworksBuildPhase section */
		8B89BF241E5816BF0005A7AC /* Frameworks */ = {
			isa = PBXFrameworksBuildPhase;
			buildActionMask = 2147483647;
			files = (
			);
			runOnlyForDeploymentPostprocessing = 0;
		};
/* End PBXFrameworksBuildPhase section */

/* Begin PBXGroup section */
		8B89BF1E1E5816BF0005A7AC = {
			isa = PBXGroup;
			children = (
				8B89BF291E5816C20005A7AC /* DormHub */,
				8B89BF281E5816C20005A7AC /* Products */,
				8B89BF401E5825D00005A7AC /* Frameworks */,
			);
			sourceTree = "<group>";
		};
		8B89BF281E5816C20005A7AC /* Products */ = {
			isa = PBXGroup;
			children = (
				8B89BF271E5816C20005A7AC /* DormHub.app */,
			);
			name = Products;
			sourceTree = "<group>";
		};
		8B89BF291E5816C20005A7AC /* DormHub */ = {
			isa = PBXGroup;
			children = (
				8B89BF2A1E5816C20005A7AC /* AppDelegate.swift */,
				8B89BF2C1E5816C20005A7AC /* ViewController.swift */,
				EF15A30C1E581DCD004FF8D2 /* CourseViewController.swift */,
				EF15A3101E581EC9004FF8D2 /* Course.swift */,
				EF15A30E1E581E66004FF8D2 /* CourseModel.swift */,
				8B89BF2E1E5816C20005A7AC /* Main.storyboard */,
				8BE5E2C11E5851EC0013B12C /* daha_wa_post.swift */,
				8B89BF3C1E581B070005A7AC /* Daha_wa_Controller.swift */,
				8B89BF311E5816C20005A7AC /* Assets.xcassets */,
				8B89BF331E5816C20005A7AC /* LaunchScreen.storyboard */,
				8B89BF361E5816C20005A7AC /* Info.plist */,
				8BE5E2C31E5851F70013B12C /* dahaModel.xcdatamodeld */,
				8B89BF661E58276F0005A7AC /* dahaModel.xcdatamodeld */,
			);
			path = DormHub;
			sourceTree = "<group>";
		};
		8B89BF401E5825D00005A7AC /* Frameworks */ = {
			isa = PBXGroup;
			children = (
			);
			name = Frameworks;
			sourceTree = "<group>";
		};
/* End PBXGroup section */

/* Begin PBXNativeTarget section */
		8B89BF261E5816BF0005A7AC /* DormHub */ = {
			isa = PBXNativeTarget;
			buildConfigurationList = 8B89BF391E5816C20005A7AC /* Build configuration list for PBXNativeTarget "DormHub" */;
			buildPhases = (
				8B89BF231E5816BF0005A7AC /* Sources */,
				8B89BF241E5816BF0005A7AC /* Frameworks */,
				8B89BF251E5816BF0005A7AC /* Resources */,
			);
			buildRules = (
			);
			dependencies = (
			);
			name = DormHub;
			productName = DormHub;
			productReference = 8B89BF271E5816C20005A7AC /* DormHub.app */;
			productType = "com.apple.product-type.application";
		};
/* End PBXNativeTarget section */

/* Begin PBXProject section */
		8B89BF1F1E5816BF0005A7AC /* Project object */ = {
			isa = PBXProject;
			attributes = {
				LastSwiftUpdateCheck = 0820;
				LastUpgradeCheck = 0820;
				ORGANIZATIONNAME = vegans;
				TargetAttributes = {
					8B89BF261E5816BF0005A7AC = {
						CreatedOnToolsVersion = 8.2.1;
						DevelopmentTeam = 52PCE88C46;
						ProvisioningStyle = Automatic;
					};
				};
			};
			buildConfigurationList = 8B89BF221E5816BF0005A7AC /* Build configuration list for PBXProject "DormHub" */;
			compatibilityVersion = "Xcode 3.2";
			developmentRegion = English;
			hasScannedForEncodings = 0;
			knownRegions = (
				en,
				Base,
			);
			mainGroup = 8B89BF1E1E5816BF0005A7AC;
			productRefGroup = 8B89BF281E5816C20005A7AC /* Products */;
			projectDirPath = "";
			projectRoot = "";
			targets = (
				8B89BF261E5816BF0005A7AC /* DormHub */,
			);
		};
/* End PBXProject section */

/* Begin PBXResourcesBuildPhase section */
		8B89BF251E5816BF0005A7AC /* Resources */ = {
			isa = PBXResourcesBuildPhase;
			buildActionMask = 2147483647;
			files = (
				8B89BF351E5816C20005A7AC /* LaunchScreen.storyboard in Resources */,
				8B89BF321E5816C20005A7AC /* Assets.xcassets in Resources */,
				8B89BF301E5816C20005A7AC /* Main.storyboard in Resources */,
			);
			runOnlyForDeploymentPostprocessing = 0;
		};
/* End PBXResourcesBuildPhase section */

/* Begin PBXSourcesBuildPhase section */
		8B89BF231E5816BF0005A7AC /* Sources */ = {
			isa = PBXSourcesBuildPhase;
			buildActionMask = 2147483647;
			files = (
				EF15A3111E581EC9004FF8D2 /* Course.swift in Sources */,
				8B89BF2D1E5816C20005A7AC /* ViewController.swift in Sources */,
				EF15A30F1E581E66004FF8D2 /* CourseModel.swift in Sources */,
				8BE5E2C21E5851EC0013B12C /* daha_wa_post.swift in Sources */,
				8B89BF3D1E581B070005A7AC /* Daha_wa_Controller.swift in Sources */,
				8BE5E2C51E5851F70013B12C /* dahaModel.xcdatamodeld in Sources */,
				8B89BF2B1E5816C20005A7AC /* AppDelegate.swift in Sources */,
				EF15A30D1E581DCD004FF8D2 /* CourseViewController.swift in Sources */,
			);
			runOnlyForDeploymentPostprocessing = 0;
		};
/* End PBXSourcesBuildPhase section */

/* Begin PBXVariantGroup section */
		8B89BF2E1E5816C20005A7AC /* Main.storyboard */ = {
			isa = PBXVariantGroup;
			children = (
				8B89BF2F1E5816C20005A7AC /* Base */,
			);
			name = Main.storyboard;
			sourceTree = "<group>";
		};
		8B89BF331E5816C20005A7AC /* LaunchScreen.storyboard */ = {
			isa = PBXVariantGroup;
			children = (
				8B89BF341E5816C20005A7AC /* Base */,
			);
			name = LaunchScreen.storyboard;
			sourceTree = "<group>";
		};
/* End PBXVariantGroup section */

/* Begin XCBuildConfiguration section */
		8B89BF371E5816C20005A7AC /* Debug */ = {
			isa = XCBuildConfiguration;
			buildSettings = {
				ALWAYS_SEARCH_USER_PATHS = NO;
				CLANG_ANALYZER_NONNULL = YES;
				CLANG_CXX_LANGUAGE_STANDARD = "gnu++0x";
				CLANG_CXX_LIBRARY = "libc++";
				CLANG_ENABLE_MODULES = YES;
				CLANG_ENABLE_OBJC_ARC = YES;
				CLANG_WARN_BOOL_CONVERSION = YES;
				CLANG_WARN_CONSTANT_CONVERSION = YES;
				CLANG_WARN_DIRECT_OBJC_ISA_USAGE = YES_ERROR;
				CLANG_WARN_DOCUMENTATION_COMMENTS = YES;
				CLANG_WARN_EMPTY_BODY = YES;
				CLANG_WARN_ENUM_CONVERSION = YES;
				CLANG_WARN_INFINITE_RECURSION = YES;
				CLANG_WARN_INT_CONVERSION = YES;
				CLANG_WARN_OBJC_ROOT_CLASS = YES_ERROR;
				CLANG_WARN_SUSPICIOUS_MOVE = YES;
				CLANG_WARN_UNREACHABLE_CODE = YES;
				CLANG_WARN__DUPLICATE_METHOD_MATCH = YES;
				"CODE_SIGN_IDENTITY[sdk=iphoneos*]" = "iPhone Developer";
				COPY_PHASE_STRIP = NO;
				DEBUG_INFORMATION_FORMAT = dwarf;
				ENABLE_STRICT_OBJC_MSGSEND = YES;
				ENABLE_TESTABILITY = YES;
				GCC_C_LANGUAGE_STANDARD = gnu99;
				GCC_DYNAMIC_NO_PIC = NO;
				GCC_NO_COMMON_BLOCKS = YES;
				GCC_OPTIMIZATION_LEVEL = 0;
				GCC_PREPROCESSOR_DEFINITIONS = (
					"DEBUG=1",
					"$(inherited)",
				);
				GCC_WARN_64_TO_32_BIT_CONVERSION = YES;
				GCC_WARN_ABOUT_RETURN_TYPE = YES_ERROR;
				GCC_WARN_UNDECLARED_SELECTOR = YES;
				GCC_WARN_UNINITIALIZED_AUTOS = YES_AGGRESSIVE;
				GCC_WARN_UNUSED_FUNCTION = YES;
				GCC_WARN_UNUSED_VARIABLE = YES;
				IPHONEOS_DEPLOYMENT_TARGET = 10.2;
				MTL_ENABLE_DEBUG_INFO = YES;
				ONLY_ACTIVE_ARCH = YES;
				SDKROOT = iphoneos;
				SWIFT_ACTIVE_COMPILATION_CONDITIONS = DEBUG;
				SWIFT_OPTIMIZATION_LEVEL = "-Onone";
			};
			name = Debug;
		};
		8B89BF381E5816C20005A7AC /* Release */ = {
			isa = XCBuildConfiguration;
			buildSettings = {
				ALWAYS_SEARCH_USER_PATHS = NO;
				CLANG_ANALYZER_NONNULL = YES;
				CLANG_CXX_LANGUAGE_STANDARD = "gnu++0x";
				CLANG_CXX_LIBRARY = "libc++";
				CLANG_ENABLE_MODULES = YES;
				CLANG_ENABLE_OBJC_ARC = YES;
				CLANG_WARN_BOOL_CONVERSION = YES;
				CLANG_WARN_CONSTANT_CONVERSION = YES;
				CLANG_WARN_DIRECT_OBJC_ISA_USAGE = YES_ERROR;
				CLANG_WARN_DOCUMENTATION_COMMENTS = YES;
				CLANG_WARN_EMPTY_BODY = YES;
				CLANG_WARN_ENUM_CONVERSION = YES;
				CLANG_WARN_INFINITE_RECURSION = YES;
				CLANG_WARN_INT_CONVERSION = YES;
				CLANG_WARN_OBJC_ROOT_CLASS = YES_ERROR;
				CLANG_WARN_SUSPICIOUS_MOVE = YES;
				CLANG_WARN_UNREACHABLE_CODE = YES;
				CLANG_WARN__DUPLICATE_METHOD_MATCH = YES;
				"CODE_SIGN_IDENTITY[sdk=iphoneos*]" = "iPhone Developer";
				COPY_PHASE_STRIP = NO;
				DEBUG_INFORMATION_FORMAT = "dwarf-with-dsym";
				ENABLE_NS_ASSERTIONS = NO;
				ENABLE_STRICT_OBJC_MSGSEND = YES;
				GCC_C_LANGUAGE_STANDARD = gnu99;
				GCC_NO_COMMON_BLOCKS = YES;
				GCC_WARN_64_TO_32_BIT_CONVERSION = YES;
				GCC_WARN_ABOUT_RETURN_TYPE = YES_ERROR;
				GCC_WARN_UNDECLARED_SELECTOR = YES;
				GCC_WARN_UNINITIALIZED_AUTOS = YES_AGGRESSIVE;
				GCC_WARN_UNUSED_FUNCTION = YES;
				GCC_WARN_UNUSED_VARIABLE = YES;
				IPHONEOS_DEPLOYMENT_TARGET = 10.2;
				MTL_ENABLE_DEBUG_INFO = NO;
				SDKROOT = iphoneos;
				SWIFT_OPTIMIZATION_LEVEL = "-Owholemodule";
				VALIDATE_PRODUCT = YES;
			};
			name = Release;
		};
		8B89BF3A1E5816C20005A7AC /* Debug */ = {
			isa = XCBuildConfiguration;
			buildSettings = {
				ASSETCATALOG_COMPILER_APPICON_NAME = AppIcon;
				DEVELOPMENT_TEAM = 52PCE88C46;
				INFOPLIST_FILE = DormHub/Info.plist;
				LD_RUNPATH_SEARCH_PATHS = "$(inherited) @executable_path/Frameworks";
				PRODUCT_BUNDLE_IDENTIFIER = vegans.DormHub;
				PRODUCT_NAME = "$(TARGET_NAME)";
				SWIFT_VERSION = 3.0;
			};
			name = Debug;
		};
		8B89BF3B1E5816C20005A7AC /* Release */ = {
			isa = XCBuildConfiguration;
			buildSettings = {
				ASSETCATALOG_COMPILER_APPICON_NAME = AppIcon;
				DEVELOPMENT_TEAM = 52PCE88C46;
				INFOPLIST_FILE = DormHub/Info.plist;
				LD_RUNPATH_SEARCH_PATHS = "$(inherited) @executable_path/Frameworks";
				PRODUCT_BUNDLE_IDENTIFIER = vegans.DormHub;
				PRODUCT_NAME = "$(TARGET_NAME)";
				SWIFT_VERSION = 3.0;
			};
			name = Release;
		};
/* End XCBuildConfiguration section */

/* Begin XCConfigurationList section */
		8B89BF221E5816BF0005A7AC /* Build configuration list for PBXProject "DormHub" */ = {
			isa = XCConfigurationList;
			buildConfigurations = (
				8B89BF371E5816C20005A7AC /* Debug */,
				8B89BF381E5816C20005A7AC /* Release */,
			);
			defaultConfigurationIsVisible = 0;
			defaultConfigurationName = Release;
		};
		8B89BF391E5816C20005A7AC /* Build configuration list for PBXNativeTarget "DormHub" */ = {
			isa = XCConfigurationList;
			buildConfigurations = (
				8B89BF3A1E5816C20005A7AC /* Debug */,
				8B89BF3B1E5816C20005A7AC /* Release */,
			);
			defaultConfigurationIsVisible = 0;
			defaultConfigurationName = Release;
		};
/* End XCConfigurationList section */

/* Begin XCVersionGroup section */
		8B89BF661E58276F0005A7AC /* dahaModel.xcdatamodeld */ = {
			isa = XCVersionGroup;
			children = (
			);
			path = dahaModel.xcdatamodeld;
			sourceTree = "<group>";
			versionGroupType = wrapper.xcdatamodel;
		};
		8BE5E2C31E5851F70013B12C /* dahaModel.xcdatamodeld */ = {
			isa = XCVersionGroup;
			children = (
				8BE5E2C41E5851F70013B12C /* dahaModel.xcdatamodel */,
			);
			currentVersion = 8BE5E2C41E5851F70013B12C /* dahaModel.xcdatamodel */;
			path = dahaModel.xcdatamodeld;
			sourceTree = "<group>";
			versionGroupType = wrapper.xcdatamodel;
		};
/* End XCVersionGroup section */
	};
	rootObject = 8B89BF1F1E5816BF0005A7AC /* Project object */;
}
